
Microsoft Visual Studio Solution File, Format Version 12.00
# Visual Studio Version 16
VisualStudioVersion = 16.0.31321.278
MinimumVisualStudioVersion = 10.0.40219.1
Project("{FAE04EC0-301F-11D3-BF4B-00C04F79EFBC}") = "BlueByte.SOLIDWORKS.Extensions", "BlueByte.SOLIDWORKS.Extensions.csproj", "{EC7CE01B-F6A6-4654-9D2C-C8AEEEDF172D}"
EndProject
Project("{FAE04EC0-301F-11D3-BF4B-00C04F79EFBC}") = "Tests", "Tests\Tests.csproj", "{12586516-0C39-4215-A686-D8C03E6BF1C4}"
EndProject
Global
	GlobalSection(SolutionConfigurationPlatforms) = preSolution
		Debug|Any CPU = Debug|Any CPU
		Local_Amen|Any CPU = Local_Amen|Any CPU
		Release|Any CPU = Release|Any CPU
	EndGlobalSection
	GlobalSection(ProjectConfigurationPlatforms) = postSolution
		{EC7CE01B-F6A6-4654-9D2C-C8AEEEDF172D}.Debug|Any CPU.ActiveCfg = Debug|Any CPU
		{EC7CE01B-F6A6-4654-9D2C-C8AEEEDF172D}.Debug|Any CPU.Build.0 = Debug|Any CPU
		{EC7CE01B-F6A6-4654-9D2C-C8AEEEDF172D}.Local_Amen|Any CPU.ActiveCfg = Local_Amen|Any CPU
		{EC7CE01B-F6A6-4654-9D2C-C8AEEEDF172D}.Local_Amen|Any CPU.Build.0 = Local_Amen|Any CPU
		{EC7CE01B-F6A6-4654-9D2C-C8AEEEDF172D}.Release|Any CPU.ActiveCfg = Release|Any CPU
		{EC7CE01B-F6A6-4654-9D2C-C8AEEEDF172D}.Release|Any CPU.Build.0 = Release|Any CPU
		{12586516-0C39-4215-A686-D8C03E6BF1C4}.Debug|Any CPU.ActiveCfg = Debug|Any CPU
		{12586516-0C39-4215-A686-D8C03E6BF1C4}.Debug|Any CPU.Build.0 = Debug|Any CPU
		{12586516-0C39-4215-A686-D8C03E6BF1C4}.Local_Amen|Any CPU.ActiveCfg = Local_Amen|Any CPU
		{12586516-0C39-4215-A686-D8C03E6BF1C4}.Local_Amen|Any CPU.Build.0 = Local_Amen|Any CPU
		{12586516-0C39-4215-A686-D8C03E6BF1C4}.Release|Any CPU.ActiveCfg = Release|Any CPU
		{12586516-0C39-4215-A686-D8C03E6BF1C4}.Release|Any CPU.Build.0 = Release|Any CPU
	EndGlobalSection
	GlobalSection(SolutionProperties) = preSolution
		HideSolutionNode = FALSE
	EndGlobalSection
	GlobalSection(ExtensibilityGlobals) = postSolution
		SolutionGuid = {CBC55C91-31B6-4812-BC2F-471F099BB6AA}
	EndGlobalSection
EndGlobal
